
Microsoft Visual Studio Solution File, Format Version 12.00
# Visual Studio Version 18
VisualStudioVersion = 18.6.11822.322 stable
MinimumVisualStudioVersion = 10.0.40219.1
Project("{8BC9CEB8-8B4A-11D0-8D11-00A0C91BC942}") = "UNIR-2D", "UNIR-2D.vcxproj", "{112F7C1F-C68E-4ABC-9350-597C781896BF}"
EndProject
Project("{8BC9CEB8-8B4A-11D0-8D11-00A0C91BC942}") = "UNIR-2D_Buscaminas", "..\ConsoleApplication1\ConsoleApplication1.vcxproj", "{08066BF6-B1A0-45DB-856B-C7E2D4FDF6B1}"
EndProject
Global
	GlobalSection(SolutionConfigurationPlatforms) = preSolution
		Debug|x64 = Debug|x64
		Debug|x86 = Debug|x86
		Release|x64 = Release|x64
		Release|x86 = Release|x86
	EndGlobalSection
	GlobalSection(ProjectConfigurationPlatforms) = postSolution
		{112F7C1F-C68E-4ABC-9350-597C781896BF}.Debug|x64.ActiveCfg = Debug|x64
		{112F7C1F-C68E-4ABC-9350-597C781896BF}.Debug|x64.Build.0 = Debug|x64
		{112F7C1F-C68E-4ABC-9350-597C781896BF}.Debug|x86.ActiveCfg = Debug|Win32
		{112F7C1F-C68E-4ABC-9350-597C781896BF}.Debug|x86.Build.0 = Debug|Win32
		{112F7C1F-C68E-4ABC-9350-597C781896BF}.Release|x64.ActiveCfg = Release|x64
		{112F7C1F-C68E-4ABC-9350-597C781896BF}.Release|x64.Build.0 = Release|x64
		{112F7C1F-C68E-4ABC-9350-597C781896BF}.Release|x86.ActiveCfg = Release|Win32
		{112F7C1F-C68E-4ABC-9350-597C781896BF}.Release|x86.Build.0 = Release|Win32
		{08066BF6-B1A0-45DB-856B-C7E2D4FDF6B1}.Debug|x64.ActiveCfg = Debug|x64
		{08066BF6-B1A0-45DB-856B-C7E2D4FDF6B1}.Debug|x64.Build.0 = Debug|x64
		{08066BF6-B1A0-45DB-856B-C7E2D4FDF6B1}.Debug|x86.ActiveCfg = Debug|Win32
		{08066BF6-B1A0-45DB-856B-C7E2D4FDF6B1}.Debug|x86.Build.0 = Debug|Win32
		{08066BF6-B1A0-45DB-856B-C7E2D4FDF6B1}.Release|x64.ActiveCfg = Release|x64
		{08066BF6-B1A0-45DB-856B-C7E2D4FDF6B1}.Release|x64.Build.0 = Release|x64
		{08066BF6-B1A0-45DB-856B-C7E2D4FDF6B1}.Release|x86.ActiveCfg = Release|Win32
		{08066BF6-B1A0-45DB-856B-C7E2D4FDF6B1}.Release|x86.Build.0 = Release|Win32
	EndGlobalSection
	GlobalSection(SolutionProperties) = preSolution
		HideSolutionNode = FALSE
	EndGlobalSection
	GlobalSection(ExtensibilityGlobals) = postSolution
		SolutionGuid = {E0A52767-FDE3-4FE4-8039-C45B67F2EC64}
	EndGlobalSection
EndGlobal
